// !$*UTF8*$!
{
	archiveVersion = 1;
	classes = {
	};
	objectVersion = 50;
	objects = {

/* Begin PBXBuildFile section */
		45BA895D256A99AC0090CA4E /* AppDelegate.swift in Sources */ = {isa = PBXBuildFile; fileRef = 45BA895C256A99AC0090CA4E /* AppDelegate.swift */; };
		45BA895F256A99AC0090CA4E /* SceneDelegate.swift in Sources */ = {isa = PBXBuildFile; fileRef = 45BA895E256A99AC0090CA4E /* SceneDelegate.swift */; };
		45BA8964256A99AC0090CA4E /* Main.storyboard in Resources */ = {isa = PBXBuildFile; fileRef = 45BA8962256A99AC0090CA4E /* Main.storyboard */; };
		45BA8966256A99B10090CA4E /* Assets.xcassets in Resources */ = {isa = PBXBuildFile; fileRef = 45BA8965256A99B10090CA4E /* Assets.xcassets */; };
		45BA8969256A99B10090CA4E /* LaunchScreen.storyboard in Resources */ = {isa = PBXBuildFile; fileRef = 45BA8967256A99B10090CA4E /* LaunchScreen.storyboard */; };
		45BA8974256A99B10090CA4E /* BenefitGraphTests.swift in Sources */ = {isa = PBXBuildFile; fileRef = 45BA8973256A99B10090CA4E /* BenefitGraphTests.swift */; };
		45BA897F256A99B10090CA4E /* BenefitGraphUITests.swift in Sources */ = {isa = PBXBuildFile; fileRef = 45BA897E256A99B10090CA4E /* BenefitGraphUITests.swift */; };
		45BA899C256A9B390090CA4E /* InitialViewController.swift in Sources */ = {isa = PBXBuildFile; fileRef = 45BA899B256A9B390090CA4E /* InitialViewController.swift */; };
		45BA89A1256A9B570090CA4E /* LineGraphViewController.swift in Sources */ = {isa = PBXBuildFile; fileRef = 45BA89A0256A9B570090CA4E /* LineGraphViewController.swift */; };
		45BA89A6256A9B6F0090CA4E /* PieChartViewController.swift in Sources */ = {isa = PBXBuildFile; fileRef = 45BA89A5256A9B6F0090CA4E /* PieChartViewController.swift */; };
		45BA89AB256A9D750090CA4E /* DetailViewController.swift in Sources */ = {isa = PBXBuildFile; fileRef = 45BA89AA256A9D750090CA4E /* DetailViewController.swift */; };
		45BA89B0256A9D7F0090CA4E /* EditViewController.swift in Sources */ = {isa = PBXBuildFile; fileRef = 45BA89AF256A9D7F0090CA4E /* EditViewController.swift */; };
		45BA89B5256A9D870090CA4E /* AddViewController.swift in Sources */ = {isa = PBXBuildFile; fileRef = 45BA89B4256A9D870090CA4E /* AddViewController.swift */; };
		45BA89BB256B4A530090CA4E /* CustomViewCell1.swift in Sources */ = {isa = PBXBuildFile; fileRef = 45BA89B9256B4A530090CA4E /* CustomViewCell1.swift */; };
		45BA89BC256B4A530090CA4E /* CustomViewCell1.xib in Resources */ = {isa = PBXBuildFile; fileRef = 45BA89BA256B4A530090CA4E /* CustomViewCell1.xib */; };
		45BA89C2256B4E350090CA4E /* CustomViewCell2.swift in Sources */ = {isa = PBXBuildFile; fileRef = 45BA89C0256B4E350090CA4E /* CustomViewCell2.swift */; };
		45BA89C3256B4E350090CA4E /* CustomViewCell2.xib in Resources */ = {isa = PBXBuildFile; fileRef = 45BA89C1256B4E350090CA4E /* CustomViewCell2.xib */; };
		45BA89C9256B56820090CA4E /* Protocol.swift in Sources */ = {isa = PBXBuildFile; fileRef = 45BA89C8256B56820090CA4E /* Protocol.swift */; };
/* End PBXBuildFile section */

/* Begin PBXContainerItemProxy section */
		45BA8970256A99B10090CA4E /* PBXContainerItemProxy */ = {
			isa = PBXContainerItemProxy;
			containerPortal = 45BA8951256A99AC0090CA4E /* Project object */;
			proxyType = 1;
			remoteGlobalIDString = 45BA8958256A99AC0090CA4E;
			remoteInfo = BenefitGraph;
		};
		45BA897B256A99B10090CA4E /* PBXContainerItemProxy */ = {
			isa = PBXContainerItemProxy;
			containerPortal = 45BA8951256A99AC0090CA4E /* Project object */;
			proxyType = 1;
			remoteGlobalIDString = 45BA8958256A99AC0090CA4E;
			remoteInfo = BenefitGraph;
		};
/* End PBXContainerItemProxy section */

/* Begin PBXFileReference section */
		45BA8959256A99AC0090CA4E /* BenefitGraph.app */ = {isa = PBXFileReference; explicitFileType = wrapper.application; includeInIndex = 0; path = BenefitGraph.app; sourceTree = BUILT_PRODUCTS_DIR; };
		45BA895C256A99AC0090CA4E /* AppDelegate.swift */ = {isa = PBXFileReference; lastKnownFileType = sourcecode.swift; path = AppDelegate.swift; sourceTree = "<group>"; };
		45BA895E256A99AC0090CA4E /* SceneDelegate.swift */ = {isa = PBXFileReference; lastKnownFileType = sourcecode.swift; path = SceneDelegate.swift; sourceTree = "<group>"; };
		45BA8963256A99AC0090CA4E /* Base */ = {isa = PBXFileReference; lastKnownFileType = file.storyboard; name = Base; path = Base.lproj/Main.storyboard; sourceTree = "<group>"; };
		45BA8965256A99B10090CA4E /* Assets.xcassets */ = {isa = PBXFileReference; lastKnownFileType = folder.assetcatalog; path = Assets.xcassets; sourceTree = "<group>"; };
		45BA8968256A99B10090CA4E /* Base */ = {isa = PBXFileReference; lastKnownFileType = file.storyboard; name = Base; path = Base.lproj/LaunchScreen.storyboard; sourceTree = "<group>"; };
		45BA896A256A99B10090CA4E /* Info.plist */ = {isa = PBXFileReference; lastKnownFileType = text.plist.xml; path = Info.plist; sourceTree = "<group>"; };
		45BA896F256A99B10090CA4E /* BenefitGraphTests.xctest */ = {isa = PBXFileReference; explicitFileType = wrapper.cfbundle; includeInIndex = 0; path = BenefitGraphTests.xctest; sourceTree = BUILT_PRODUCTS_DIR; };
		45BA8973256A99B10090CA4E /* BenefitGraphTests.swift */ = {isa = PBXFileReference; lastKnownFileType = sourcecode.swift; path = BenefitGraphTests.swift; sourceTree = "<group>"; };
		45BA8975256A99B10090CA4E /* Info.plist */ = {isa = PBXFileReference; lastKnownFileType = text.plist.xml; path = Info.plist; sourceTree = "<group>"; };
		45BA897A256A99B10090CA4E /* BenefitGraphUITests.xctest */ = {isa = PBXFileReference; explicitFileType = wrapper.cfbundle; includeInIndex = 0; path = BenefitGraphUITests.xctest; sourceTree = BUILT_PRODUCTS_DIR; };
		45BA897E256A99B10090CA4E /* BenefitGraphUITests.swift */ = {isa = PBXFileReference; lastKnownFileType = sourcecode.swift; path = BenefitGraphUITests.swift; sourceTree = "<group>"; };
		45BA8980256A99B10090CA4E /* Info.plist */ = {isa = PBXFileReference; lastKnownFileType = text.plist.xml; path = Info.plist; sourceTree = "<group>"; };
		45BA899B256A9B390090CA4E /* InitialViewController.swift */ = {isa = PBXFileReference; lastKnownFileType = sourcecode.swift; path = InitialViewController.swift; sourceTree = "<group>"; };
		45BA89A0256A9B570090CA4E /* LineGraphViewController.swift */ = {isa = PBXFileReference; lastKnownFileType = sourcecode.swift; path = LineGraphViewController.swift; sourceTree = "<group>"; };
		45BA89A5256A9B6F0090CA4E /* PieChartViewController.swift */ = {isa = PBXFileReference; lastKnownFileType = sourcecode.swift; path = PieChartViewController.swift; sourceTree = "<group>"; };
		45BA89AA256A9D750090CA4E /* DetailViewController.swift */ = {isa = PBXFileReference; lastKnownFileType = sourcecode.swift; path = DetailViewController.swift; sourceTree = "<group>"; };
		45BA89AF256A9D7F0090CA4E /* EditViewController.swift */ = {isa = PBXFileReference; lastKnownFileType = sourcecode.swift; path = EditViewController.swift; sourceTree = "<group>"; };
		45BA89B4256A9D870090CA4E /* AddViewController.swift */ = {isa = PBXFileReference; lastKnownFileType = sourcecode.swift; path = AddViewController.swift; sourceTree = "<group>"; };
		45BA89B9256B4A530090CA4E /* CustomViewCell1.swift */ = {isa = PBXFileReference; lastKnownFileType = sourcecode.swift; path = CustomViewCell1.swift; sourceTree = "<group>"; };
		45BA89BA256B4A530090CA4E /* CustomViewCell1.xib */ = {isa = PBXFileReference; lastKnownFileType = file.xib; path = CustomViewCell1.xib; sourceTree = "<group>"; };
		45BA89C0256B4E350090CA4E /* CustomViewCell2.swift */ = {isa = PBXFileReference; lastKnownFileType = sourcecode.swift; path = CustomViewCell2.swift; sourceTree = "<group>"; };
		45BA89C1256B4E350090CA4E /* CustomViewCell2.xib */ = {isa = PBXFileReference; lastKnownFileType = file.xib; path = CustomViewCell2.xib; sourceTree = "<group>"; };
		45BA89C8256B56820090CA4E /* Protocol.swift */ = {isa = PBXFileReference; lastKnownFileType = sourcecode.swift; path = Protocol.swift; sourceTree = "<group>"; };
/* End PBXFileReference section */

/* Begin PBXFrameworksBuildPhase section */
		45BA8956256A99AC0090CA4E /* Frameworks */ = {
			isa = PBXFrameworksBuildPhase;
			buildActionMask = 2147483647;
			files = (
			);
			runOnlyForDeploymentPostprocessing = 0;
		};
		45BA896C256A99B10090CA4E /* Frameworks */ = {
			isa = PBXFrameworksBuildPhase;
			buildActionMask = 2147483647;
			files = (
			);
			runOnlyForDeploymentPostprocessing = 0;
		};
		45BA8977256A99B10090CA4E /* Frameworks */ = {
			isa = PBXFrameworksBuildPhase;
			buildActionMask = 2147483647;
			files = (
			);
			runOnlyForDeploymentPostprocessing = 0;
		};
/* End PBXFrameworksBuildPhase section */

/* Begin PBXGroup section */
		45BA8950256A99AC0090CA4E = {
			isa = PBXGroup;
			children = (
				45BA895B256A99AC0090CA4E /* BenefitGraph */,
				45BA8972256A99B10090CA4E /* BenefitGraphTests */,
				45BA897D256A99B10090CA4E /* BenefitGraphUITests */,
				45BA895A256A99AC0090CA4E /* Products */,
			);
			sourceTree = "<group>";
		};
		45BA895A256A99AC0090CA4E /* Products */ = {
			isa = PBXGroup;
			children = (
				45BA8959256A99AC0090CA4E /* BenefitGraph.app */,
				45BA896F256A99B10090CA4E /* BenefitGraphTests.xctest */,
				45BA897A256A99B10090CA4E /* BenefitGraphUITests.xctest */,
			);
			name = Products;
			sourceTree = "<group>";
		};
		45BA895B256A99AC0090CA4E /* BenefitGraph */ = {
			isa = PBXGroup;
			children = (
				45BA89C7256B55B20090CA4E /* Protocol */,
				45BA8994256A99D90090CA4E /* Model */,
				45BA8993256A99CD0090CA4E /* View */,
				45BA898F256A99C10090CA4E /* Controller */,
				45BA8967256A99B10090CA4E /* LaunchScreen.storyboard */,
				45BA896A256A99B10090CA4E /* Info.plist */,
			);
			path = BenefitGraph;
			sourceTree = "<group>";
		};
		45BA8972256A99B10090CA4E /* BenefitGraphTests */ = {
			isa = PBXGroup;
			children = (
				45BA8973256A99B10090CA4E /* BenefitGraphTests.swift */,
				45BA8975256A99B10090CA4E /* Info.plist */,
			);
			path = BenefitGraphTests;
			sourceTree = "<group>";
		};
		45BA897D256A99B10090CA4E /* BenefitGraphUITests */ = {
			isa = PBXGroup;
			children = (
				45BA897E256A99B10090CA4E /* BenefitGraphUITests.swift */,
				45BA8980256A99B10090CA4E /* Info.plist */,
			);
			path = BenefitGraphUITests;
			sourceTree = "<group>";
		};
		45BA898F256A99C10090CA4E /* Controller */ = {
			isa = PBXGroup;
			children = (
				45BA895E256A99AC0090CA4E /* SceneDelegate.swift */,
				45BA895C256A99AC0090CA4E /* AppDelegate.swift */,
				45BA899B256A9B390090CA4E /* InitialViewController.swift */,
				45BA89A0256A9B570090CA4E /* LineGraphViewController.swift */,
				45BA89A5256A9B6F0090CA4E /* PieChartViewController.swift */,
				45BA89AA256A9D750090CA4E /* DetailViewController.swift */,
				45BA89AF256A9D7F0090CA4E /* EditViewController.swift */,
				45BA89B4256A9D870090CA4E /* AddViewController.swift */,
			);
			path = Controller;
			sourceTree = "<group>";
		};
		45BA8993256A99CD0090CA4E /* View */ = {
			isa = PBXGroup;
			children = (
				45BA8962256A99AC0090CA4E /* Main.storyboard */,
				45BA8965256A99B10090CA4E /* Assets.xcassets */,
				45BA89B9256B4A530090CA4E /* CustomViewCell1.swift */,
				45BA89BA256B4A530090CA4E /* CustomViewCell1.xib */,
				45BA89C0256B4E350090CA4E /* CustomViewCell2.swift */,
				45BA89C1256B4E350090CA4E /* CustomViewCell2.xib */,
			);
			path = View;
			sourceTree = "<group>";
		};
		45BA8994256A99D90090CA4E /* Model */ = {
			isa = PBXGroup;
			children = (
			);
			path = Model;
			sourceTree = "<group>";
		};
		45BA89C7256B55B20090CA4E /* Protocol */ = {
			isa = PBXGroup;
			children = (
				45BA89C8256B56820090CA4E /* Protocol.swift */,
			);
			path = Protocol;
			sourceTree = "<group>";
		};
/* End PBXGroup section */

/* Begin PBXNativeTarget section */
		45BA8958256A99AC0090CA4E /* BenefitGraph */ = {
			isa = PBXNativeTarget;
			buildConfigurationList = 45BA8983256A99B10090CA4E /* Build configuration list for PBXNativeTarget "BenefitGraph" */;
			buildPhases = (
				45BA8955256A99AC0090CA4E /* Sources */,
				45BA8956256A99AC0090CA4E /* Frameworks */,
				45BA8957256A99AC0090CA4E /* Resources */,
			);
			buildRules = (
			);
			dependencies = (
			);
			name = BenefitGraph;
			productName = BenefitGraph;
			productReference = 45BA8959256A99AC0090CA4E /* BenefitGraph.app */;
			productType = "com.apple.product-type.application";
		};
		45BA896E256A99B10090CA4E /* BenefitGraphTests */ = {
			isa = PBXNativeTarget;
			buildConfigurationList = 45BA8986256A99B10090CA4E /* Build configuration list for PBXNativeTarget "BenefitGraphTests" */;
			buildPhases = (
				45BA896B256A99B10090CA4E /* Sources */,
				45BA896C256A99B10090CA4E /* Frameworks */,
				45BA896D256A99B10090CA4E /* Resources */,
			);
			buildRules = (
			);
			dependencies = (
				45BA8971256A99B10090CA4E /* PBXTargetDependency */,
			);
			name = BenefitGraphTests;
			productName = BenefitGraphTests;
			productReference = 45BA896F256A99B10090CA4E /* BenefitGraphTests.xctest */;
			productType = "com.apple.product-type.bundle.unit-test";
		};
		45BA8979256A99B10090CA4E /* BenefitGraphUITests */ = {
			isa = PBXNativeTarget;
			buildConfigurationList = 45BA8989256A99B10090CA4E /* Build configuration list for PBXNativeTarget "BenefitGraphUITests" */;
			buildPhases = (
				45BA8976256A99B10090CA4E /* Sources */,
				45BA8977256A99B10090CA4E /* Frameworks */,
				45BA8978256A99B10090CA4E /* Resources */,
			);
			buildRules = (
			);
			dependencies = (
				45BA897C256A99B10090CA4E /* PBXTargetDependency */,
			);
			name = BenefitGraphUITests;
			productName = BenefitGraphUITests;
			productReference = 45BA897A256A99B10090CA4E /* BenefitGraphUITests.xctest */;
			productType = "com.apple.product-type.bundle.ui-testing";
		};
/* End PBXNativeTarget section */

/* Begin PBXProject section */
		45BA8951256A99AC0090CA4E /* Project object */ = {
			isa = PBXProject;
			attributes = {
				LastSwiftUpdateCheck = 1220;
				LastUpgradeCheck = 1220;
				TargetAttributes = {
					45BA8958256A99AC0090CA4E = {
						CreatedOnToolsVersion = 12.2;
					};
					45BA896E256A99B10090CA4E = {
						CreatedOnToolsVersion = 12.2;
						TestTargetID = 45BA8958256A99AC0090CA4E;
					};
					45BA8979256A99B10090CA4E = {
						CreatedOnToolsVersion = 12.2;
						TestTargetID = 45BA8958256A99AC0090CA4E;
					};
				};
			};
			buildConfigurationList = 45BA8954256A99AC0090CA4E /* Build configuration list for PBXProject "BenefitGraph" */;
			compatibilityVersion = "Xcode 9.3";
			developmentRegion = en;
			hasScannedForEncodings = 0;
			knownRegions = (
				en,
				Base,
			);
			mainGroup = 45BA8950256A99AC0090CA4E;
			productRefGroup = 45BA895A256A99AC0090CA4E /* Products */;
			projectDirPath = "";
			projectRoot = "";
			targets = (
				45BA8958256A99AC0090CA4E /* BenefitGraph */,
				45BA896E256A99B10090CA4E /* BenefitGraphTests */,
				45BA8979256A99B10090CA4E /* BenefitGraphUITests */,
			);
		};
/* End PBXProject section */

/* Begin PBXResourcesBuildPhase section */
		45BA8957256A99AC0090CA4E /* Resources */ = {
			isa = PBXResourcesBuildPhase;
			buildActionMask = 2147483647;
			files = (
				45BA8969256A99B10090CA4E /* LaunchScreen.storyboard in Resources */,
				45BA89C3256B4E350090CA4E /* CustomViewCell2.xib in Resources */,
				45BA8966256A99B10090CA4E /* Assets.xcassets in Resources */,
				45BA8964256A99AC0090CA4E /* Main.storyboard in Resources */,
				45BA89BC256B4A530090CA4E /* CustomViewCell1.xib in Resources */,
			);
			runOnlyForDeploymentPostprocessing = 0;
		};
		45BA896D256A99B10090CA4E /* Resources */ = {
			isa = PBXResourcesBuildPhase;
			buildActionMask = 2147483647;
			files = (
			);
			runOnlyForDeploymentPostprocessing = 0;
		};
		45BA8978256A99B10090CA4E /* Resources */ = {
			isa = PBXResourcesBuildPhase;
			buildActionMask = 2147483647;
			files = (
			);
			runOnlyForDeploymentPostprocessing = 0;
		};
/* End PBXResourcesBuildPhase section */

/* Begin PBXSourcesBuildPhase section */
		45BA8955256A99AC0090CA4E /* Sources */ = {
			isa = PBXSourcesBuildPhase;
			buildActionMask = 2147483647;
			files = (
				45BA89C2256B4E350090CA4E /* CustomViewCell2.swift in Sources */,
				45BA899C256A9B390090CA4E /* InitialViewController.swift in Sources */,
				45BA89A6256A9B6F0090CA4E /* PieChartViewController.swift in Sources */,
				45BA89BB256B4A530090CA4E /* CustomViewCell1.swift in Sources */,
				45BA89B5256A9D870090CA4E /* AddViewController.swift in Sources */,
				45BA89A1256A9B570090CA4E /* LineGraphViewController.swift in Sources */,
				45BA89C9256B56820090CA4E /* Protocol.swift in Sources */,
				45BA89AB256A9D750090CA4E /* DetailViewController.swift in Sources */,
				45BA895D256A99AC0090CA4E /* AppDelegate.swift in Sources */,
				45BA895F256A99AC0090CA4E /* SceneDelegate.swift in Sources */,
				45BA89B0256A9D7F0090CA4E /* EditViewController.swift in Sources */,
			);
			runOnlyForDeploymentPostprocessing = 0;
		};
		45BA896B256A99B10090CA4E /* Sources */ = {
			isa = PBXSourcesBuildPhase;
			buildActionMask = 2147483647;
			files = (
				45BA8974256A99B10090CA4E /* BenefitGraphTests.swift in Sources */,
			);
			runOnlyForDeploymentPostprocessing = 0;
		};
		45BA8976256A99B10090CA4E /* Sources */ = {
			isa = PBXSourcesBuildPhase;
			buildActionMask = 2147483647;
			files = (
				45BA897F256A99B10090CA4E /* BenefitGraphUITests.swift in Sources */,
			);
			runOnlyForDeploymentPostprocessing = 0;
		};
/* End PBXSourcesBuildPhase section */

/* Begin PBXTargetDependency section */
		45BA8971256A99B10090CA4E /* PBXTargetDependency */ = {
			isa = PBXTargetDependency;
			target = 45BA8958256A99AC0090CA4E /* BenefitGraph */;
			targetProxy = 45BA8970256A99B10090CA4E /* PBXContainerItemProxy */;
		};
		45BA897C256A99B10090CA4E /* PBXTargetDependency */ = {
			isa = PBXTargetDependency;
			target = 45BA8958256A99AC0090CA4E /* BenefitGraph */;
			targetProxy = 45BA897B256A99B10090CA4E /* PBXContainerItemProxy */;
		};
/* End PBXTargetDependency section */

/* Begin PBXVariantGroup section */
		45BA8962256A99AC0090CA4E /* Main.storyboard */ = {
			isa = PBXVariantGroup;
			children = (
				45BA8963256A99AC0090CA4E /* Base */,
			);
			name = Main.storyboard;
			sourceTree = "<group>";
		};
		45BA8967256A99B10090CA4E /* LaunchScreen.storyboard */ = {
			isa = PBXVariantGroup;
			children = (
				45BA8968256A99B10090CA4E /* Base */,
			);
			name = LaunchScreen.storyboard;
			sourceTree = "<group>";
		};
/* End PBXVariantGroup section */

/* Begin XCBuildConfiguration section */
		45BA8981256A99B10090CA4E /* Debug */ = {
			isa = XCBuildConfiguration;
			buildSettings = {
				ALWAYS_SEARCH_USER_PATHS = NO;
				CLANG_ANALYZER_NONNULL = YES;
				CLANG_ANALYZER_NUMBER_OBJECT_CONVERSION = YES_AGGRESSIVE;
				CLANG_CXX_LANGUAGE_STANDARD = "gnu++14";
				CLANG_CXX_LIBRARY = "libc++";
				CLANG_ENABLE_MODULES = YES;
				CLANG_ENABLE_OBJC_ARC = YES;
				CLANG_ENABLE_OBJC_WEAK = YES;
				CLANG_WARN_BLOCK_CAPTURE_AUTORELEASING = YES;
				CLANG_WARN_BOOL_CONVERSION = YES;
				CLANG_WARN_COMMA = YES;
				CLANG_WARN_CONSTANT_CONVERSION = YES;
				CLANG_WARN_DEPRECATED_OBJC_IMPLEMENTATIONS = YES;
				CLANG_WARN_DIRECT_OBJC_ISA_USAGE = YES_ERROR;
				CLANG_WARN_DOCUMENTATION_COMMENTS = YES;
				CLANG_WARN_EMPTY_BODY = YES;
				CLANG_WARN_ENUM_CONVERSION = YES;
				CLANG_WARN_INFINITE_RECURSION = YES;
				CLANG_WARN_INT_CONVERSION = YES;
				CLANG_WARN_NON_LITERAL_NULL_CONVERSION = YES;
				CLANG_WARN_OBJC_IMPLICIT_RETAIN_SELF = YES;
				CLANG_WARN_OBJC_LITERAL_CONVERSION = YES;
				CLANG_WARN_OBJC_ROOT_CLASS = YES_ERROR;
				CLANG_WARN_QUOTED_INCLUDE_IN_FRAMEWORK_HEADER = YES;
				CLANG_WARN_RANGE_LOOP_ANALYSIS = YES;
				CLANG_WARN_STRICT_PROTOTYPES = YES;
				CLANG_WARN_SUSPICIOUS_MOVE = YES;
				CLANG_WARN_UNGUARDED_AVAILABILITY = YES_AGGRESSIVE;
				CLANG_WARN_UNREACHABLE_CODE = YES;
				CLANG_WARN__DUPLICATE_METHOD_MATCH = YES;
				COPY_PHASE_STRIP = NO;
				DEBUG_INFORMATION_FORMAT = dwarf;
				ENABLE_STRICT_OBJC_MSGSEND = YES;
				ENABLE_TESTABILITY = YES;
				GCC_C_LANGUAGE_STANDARD = gnu11;
				GCC_DYNAMIC_NO_PIC = NO;
				GCC_NO_COMMON_BLOCKS = YES;
				GCC_OPTIMIZATION_LEVEL = 0;
				GCC_PREPROCESSOR_DEFINITIONS = (
					"DEBUG=1",
					"$(inherited)",
				);
				GCC_WARN_64_TO_32_BIT_CONVERSION = YES;
				GCC_WARN_ABOUT_RETURN_TYPE = YES_ERROR;
				GCC_WARN_UNDECLARED_SELECTOR = YES;
				GCC_WARN_UNINITIALIZED_AUTOS = YES_AGGRESSIVE;
				GCC_WARN_UNUSED_FUNCTION = YES;
				GCC_WARN_UNUSED_VARIABLE = YES;
				IPHONEOS_DEPLOYMENT_TARGET = 14.2;
				MTL_ENABLE_DEBUG_INFO = INCLUDE_SOURCE;
				MTL_FAST_MATH = YES;
				ONLY_ACTIVE_ARCH = YES;
				SDKROOT = iphoneos;
				SWIFT_ACTIVE_COMPILATION_CONDITIONS = DEBUG;
				SWIFT_OPTIMIZATION_LEVEL = "-Onone";
			};
			name = Debug;
		};
		45BA8982256A99B10090CA4E /* Release */ = {
			isa = XCBuildConfiguration;
			buildSettings = {
				ALWAYS_SEARCH_USER_PATHS = NO;
				CLANG_ANALYZER_NONNULL = YES;
				CLANG_ANALYZER_NUMBER_OBJECT_CONVERSION = YES_AGGRESSIVE;
				CLANG_CXX_LANGUAGE_STANDARD = "gnu++14";
				CLANG_CXX_LIBRARY = "libc++";
				CLANG_ENABLE_MODULES = YES;
				CLANG_ENABLE_OBJC_ARC = YES;
				CLANG_ENABLE_OBJC_WEAK = YES;
				CLANG_WARN_BLOCK_CAPTURE_AUTORELEASING = YES;
				CLANG_WARN_BOOL_CONVERSION = YES;
				CLANG_WARN_COMMA = YES;
				CLANG_WARN_CONSTANT_CONVERSION = YES;
				CLANG_WARN_DEPRECATED_OBJC_IMPLEMENTATIONS = YES;
				CLANG_WARN_DIRECT_OBJC_ISA_USAGE = YES_ERROR;
				CLANG_WARN_DOCUMENTATION_COMMENTS = YES;
				CLANG_WARN_EMPTY_BODY = YES;
				CLANG_WARN_ENUM_CONVERSION = YES;
				CLANG_WARN_INFINITE_RECURSION = YES;
				CLANG_WARN_INT_CONVERSION = YES;
				CLANG_WARN_NON_LITERAL_NULL_CONVERSION = YES;
				CLANG_WARN_OBJC_IMPLICIT_RETAIN_SELF = YES;
				CLANG_WARN_OBJC_LITERAL_CONVERSION = YES;
				CLANG_WARN_OBJC_ROOT_CLASS = YES_ERROR;
				CLANG_WARN_QUOTED_INCLUDE_IN_FRAMEWORK_HEADER = YES;
				CLANG_WARN_RANGE_LOOP_ANALYSIS = YES;
				CLANG_WARN_STRICT_PROTOTYPES = YES;
				CLANG_WARN_SUSPICIOUS_MOVE = YES;
				CLANG_WARN_UNGUARDED_AVAILABILITY = YES_AGGRESSIVE;
				CLANG_WARN_UNREACHABLE_CODE = YES;
				CLANG_WARN__DUPLICATE_METHOD_MATCH = YES;
				COPY_PHASE_STRIP = NO;
				DEBUG_INFORMATION_FORMAT = "dwarf-with-dsym";
				ENABLE_NS_ASSERTIONS = NO;
				ENABLE_STRICT_OBJC_MSGSEND = YES;
				GCC_C_LANGUAGE_STANDARD = gnu11;
				GCC_NO_COMMON_BLOCKS = YES;
				GCC_WARN_64_TO_32_BIT_CONVERSION = YES;
				GCC_WARN_ABOUT_RETURN_TYPE = YES_ERROR;
				GCC_WARN_UNDECLARED_SELECTOR = YES;
				GCC_WARN_UNINITIALIZED_AUTOS = YES_AGGRESSIVE;
				GCC_WARN_UNUSED_FUNCTION = YES;
				GCC_WARN_UNUSED_VARIABLE = YES;
				IPHONEOS_DEPLOYMENT_TARGET = 14.2;
				MTL_ENABLE_DEBUG_INFO = NO;
				MTL_FAST_MATH = YES;
				SDKROOT = iphoneos;
				SWIFT_COMPILATION_MODE = wholemodule;
				SWIFT_OPTIMIZATION_LEVEL = "-O";
				VALIDATE_PRODUCT = YES;
			};
			name = Release;
		};
		45BA8984256A99B10090CA4E /* Debug */ = {
			isa = XCBuildConfiguration;
			buildSettings = {
				ASSETCATALOG_COMPILER_APPICON_NAME = AppIcon;
				ASSETCATALOG_COMPILER_GLOBAL_ACCENT_COLOR_NAME = AccentColor;
				CODE_SIGN_STYLE = Automatic;
				INFOPLIST_FILE = BenefitGraph/Info.plist;
				LD_RUNPATH_SEARCH_PATHS = (
					"$(inherited)",
					"@executable_path/Frameworks",
				);
				PRODUCT_BUNDLE_IDENTIFIER = com.yuken.BenefitGraph;
				PRODUCT_NAME = "$(TARGET_NAME)";
				SWIFT_VERSION = 5.0;
				TARGETED_DEVICE_FAMILY = "1,2";
			};
			name = Debug;
		};
		45BA8985256A99B10090CA4E /* Release */ = {
			isa = XCBuildConfiguration;
			buildSettings = {
				ASSETCATALOG_COMPILER_APPICON_NAME = AppIcon;
				ASSETCATALOG_COMPILER_GLOBAL_ACCENT_COLOR_NAME = AccentColor;
				CODE_SIGN_STYLE = Automatic;
				INFOPLIST_FILE = BenefitGraph/Info.plist;
				LD_RUNPATH_SEARCH_PATHS = (
					"$(inherited)",
					"@executable_path/Frameworks",
				);
				PRODUCT_BUNDLE_IDENTIFIER = com.yuken.BenefitGraph;
				PRODUCT_NAME = "$(TARGET_NAME)";
				SWIFT_VERSION = 5.0;
				TARGETED_DEVICE_FAMILY = "1,2";
			};
			name = Release;
		};
		45BA8987256A99B10090CA4E /* Debug */ = {
			isa = XCBuildConfiguration;
			buildSettings = {
				ALWAYS_EMBED_SWIFT_STANDARD_LIBRARIES = YES;
				BUNDLE_LOADER = "$(TEST_HOST)";
				CODE_SIGN_STYLE = Automatic;
				INFOPLIST_FILE = BenefitGraphTests/Info.plist;
				IPHONEOS_DEPLOYMENT_TARGET = 14.2;
				LD_RUNPATH_SEARCH_PATHS = (
					"$(inherited)",
					"@executable_path/Frameworks",
					"@loader_path/Frameworks",
				);
				PRODUCT_BUNDLE_IDENTIFIER = com.yuken.BenefitGraphTests;
				PRODUCT_NAME = "$(TARGET_NAME)";
				SWIFT_VERSION = 5.0;
				TARGETED_DEVICE_FAMILY = "1,2";
				TEST_HOST = "$(BUILT_PRODUCTS_DIR)/BenefitGraph.app/BenefitGraph";
			};
			name = Debug;
		};
		45BA8988256A99B10090CA4E /* Release */ = {
			isa = XCBuildConfiguration;
			buildSettings = {
				ALWAYS_EMBED_SWIFT_STANDARD_LIBRARIES = YES;
				BUNDLE_LOADER = "$(TEST_HOST)";
				CODE_SIGN_STYLE = Automatic;
				INFOPLIST_FILE = BenefitGraphTests/Info.plist;
				IPHONEOS_DEPLOYMENT_TARGET = 14.2;
				LD_RUNPATH_SEARCH_PATHS = (
					"$(inherited)",
					"@executable_path/Frameworks",
					"@loader_path/Frameworks",
				);
				PRODUCT_BUNDLE_IDENTIFIER = com.yuken.BenefitGraphTests;
				PRODUCT_NAME = "$(TARGET_NAME)";
				SWIFT_VERSION = 5.0;
				TARGETED_DEVICE_FAMILY = "1,2";
				TEST_HOST = "$(BUILT_PRODUCTS_DIR)/BenefitGraph.app/BenefitGraph";
			};
			name = Release;
		};
		45BA898A256A99B10090CA4E /* Debug */ = {
			isa = XCBuildConfiguration;
			buildSettings = {
				ALWAYS_EMBED_SWIFT_STANDARD_LIBRARIES = YES;
				CODE_SIGN_STYLE = Automatic;
				INFOPLIST_FILE = BenefitGraphUITests/Info.plist;
				LD_RUNPATH_SEARCH_PATHS = (
					"$(inherited)",
					"@executable_path/Frameworks",
					"@loader_path/Frameworks",
				);
				PRODUCT_BUNDLE_IDENTIFIER = com.yuken.BenefitGraphUITests;
				PRODUCT_NAME = "$(TARGET_NAME)";
				SWIFT_VERSION = 5.0;
				TARGETED_DEVICE_FAMILY = "1,2";
				TEST_TARGET_NAME = BenefitGraph;
			};
			name = Debug;
		};
		45BA898B256A99B10090CA4E /* Release */ = {
			isa = XCBuildConfiguration;
			buildSettings = {
				ALWAYS_EMBED_SWIFT_STANDARD_LIBRARIES = YES;
				CODE_SIGN_STYLE = Automatic;
				INFOPLIST_FILE = BenefitGraphUITests/Info.plist;
				LD_RUNPATH_SEARCH_PATHS = (
					"$(inherited)",
					"@executable_path/Frameworks",
					"@loader_path/Frameworks",
				);
				PRODUCT_BUNDLE_IDENTIFIER = com.yuken.BenefitGraphUITests;
				PRODUCT_NAME = "$(TARGET_NAME)";
				SWIFT_VERSION = 5.0;
				TARGETED_DEVICE_FAMILY = "1,2";
				TEST_TARGET_NAME = BenefitGraph;
			};
			name = Release;
		};
/* End XCBuildConfiguration section */

/* Begin XCConfigurationList section */
		45BA8954256A99AC0090CA4E /* Build configuration list for PBXProject "BenefitGraph" */ = {
			isa = XCConfigurationList;
			buildConfigurations = (
				45BA8981256A99B10090CA4E /* Debug */,
				45BA8982256A99B10090CA4E /* Release */,
			);
			defaultConfigurationIsVisible = 0;
			defaultConfigurationName = Release;
		};
		45BA8983256A99B10090CA4E /* Build configuration list for PBXNativeTarget "BenefitGraph" */ = {
			isa = XCConfigurationList;
			buildConfigurations = (
				45BA8984256A99B10090CA4E /* Debug */,
				45BA8985256A99B10090CA4E /* Release */,
			);
			defaultConfigurationIsVisible = 0;
			defaultConfigurationName = Release;
		};
		45BA8986256A99B10090CA4E /* Build configuration list for PBXNativeTarget "BenefitGraphTests" */ = {
			isa = XCConfigurationList;
			buildConfigurations = (
				45BA8987256A99B10090CA4E /* Debug */,
				45BA8988256A99B10090CA4E /* Release */,
			);
			defaultConfigurationIsVisible = 0;
			defaultConfigurationName = Release;
		};
		45BA8989256A99B10090CA4E /* Build configuration list for PBXNativeTarget "BenefitGraphUITests" */ = {
			isa = XCConfigurationList;
			buildConfigurations = (
				45BA898A256A99B10090CA4E /* Debug */,
				45BA898B256A99B10090CA4E /* Release */,
			);
			defaultConfigurationIsVisible = 0;
			defaultConfigurationName = Release;
		};
/* End XCConfigurationList section */
	};
	rootObject = 45BA8951256A99AC0090CA4E /* Project object */;
}
